{
  "version": 4,
  "terraform_version": "1.11.0",
  "serial": 647,
  "lineage": "bd02af9e-a32e-a43b-01aa-af2fb79c5a81",
  "outputs": {
    "rds_ednpoint": {
      "value": "terraform-20250503133107887700000001.cd0omkg0wwuj.ap-northeast-2.rds.amazonaws.com:3306",
      "type": "string"
    }
  },
  "resources": [
    {
      "mode": "data",
      "type": "aws_eks_cluster_auth",
      "name": "cluster",
      "provider": "provider[\"registry.terraform.io/hashicorp/aws\"]",
      "instances": [
        {
          "schema_version": 0,
          "attributes": {
            "id": "myeks",
            "name": "myeks",
            "token": "k8s-aws-v1.aHR0cHM6Ly9zdHMuYXAtbm9ydGhlYXN0LTIuYW1hem9uYXdzLmNvbS8_QWN0aW9uPUdldENhbGxlcklkZW50aXR5JlZlcnNpb249MjAxMS0wNi0xNSZYLUFtei1BbGdvcml0aG09QVdTNC1ITUFDLVNIQTI1NiZYLUFtei1DcmVkZW50aWFsPUFLSUFRTU5NVTJWQjZDNDJaWlVCJTJGMjAyNTA1MDMlMkZhcC1ub3J0aGVhc3QtMiUyRnN0cyUyRmF3czRfcmVxdWVzdCZYLUFtei1EYXRlPTIwMjUwNTAzVDEzMzEwNVomWC1BbXotRXhwaXJlcz0wJlgtQW16LVNpZ25lZEhlYWRlcnM9aG9zdCUzQngtazhzLWF3cy1pZCZYLUFtei1TaWduYXR1cmU9NWUxODZkOGEwNTQxZTRhYWU4YmI5YTBiNTZmMGQzYjI3N2YxNzBhZmNmYjY4Y2NkMGIzODAzZGExOTQyNTQyMg"
          },
          "sensitive_attributes": [
            [
              {
                "type": "get_attr",
                "value": "token"
              }
            ]
          ]
        }
      ]
    },
    {
      "mode": "data",
      "type": "terraform_remote_state",
      "name": "eks",
      "provider": "provider[\"terraform.io/builtin/terraform\"]",
      "instances": [
        {
          "schema_version": 0,
          "attributes": {
            "backend": "s3",
            "config": {
              "value": {
                "bucket": "my-template-026668750147",
                "key": "eks-project/terraform.tfstate",
                "region": "ap-northeast-2"
              },
              "type": [
                "object",
                {
                  "bucket": "string",
                  "key": "string",
                  "region": "string"
                }
              ]
            },
            "defaults": null,
            "outputs": {
              "value": {
                "aws_iam_openid_connect_provider_arn": "arn:aws:iam::026668750147:oidc-provider/oidc.eks.ap-northeast-2.amazonaws.com/id/6C41E06AA17520F1137EE9F8A988FA5D",
                "aws_iam_openid_connect_provider_extract_from_arn": "oidc.eks.ap-northeast-2.amazonaws.com/id/6C41E06AA17520F1137EE9F8A988FA5D",
                "azs": [
                  "ap-northeast-2a",
                  "ap-northeast-2b",
                  "ap-northeast-2c",
                  "ap-northeast-2d"
                ],
                "cluster_arn": "arn:aws:eks:ap-northeast-2:026668750147:cluster/myeks",
                "cluster_certificate_authority_data": "LS0tLS1CRUdJTiBDRVJUSUZJQ0FURS0tLS0tCk1JSURCVENDQWUyZ0F3SUJBZ0lJYm4yeVoyV29kMm93RFFZSktvWklodmNOQVFFTEJRQXdGVEVUTUJFR0ExVUUKQXhNS2EzVmlaWEp1WlhSbGN6QWVGdzB5TlRBMU1ETXhNekEwTlRoYUZ3MHpOVEExTURFeE16QTVOVGhhTUJVeApFekFSQmdOVkJBTVRDbXQxWW1WeWJtVjBaWE13Z2dFaU1BMEdDU3FHU0liM0RRRUJBUVVBQTRJQkR3QXdnZ0VLCkFvSUJBUURNODZQaVRndFRINnVOOTMwOFpqRFlJdjhYNWNVNWMzaW42VDlGVU5LSndtQkZIczF1SDdsL2ZKV1AKZTZWb2t1emlJM2FvbUZiNnB2MUZKQ1YzNUp1V0RaM21TTlg2V3dISHYrTkNyRkRTQmtCT29SRWRkS1VEdEY1aQpYRFZVanlTaXBFdjBFbXBlSmtSWVhxTmhHT054bDZtNUpIR0Q0ZzJDSFdVcHEwalRRT0REY3FjS0QrcWRUTFYrCndmU1lHUkJlWUpkM0lPQmJXSTJWcll6alBFTDV3Qm1CaXpoUmZsWGVTc25ZUXh4Z3FVdmJHaVN6YUpMazNIWlgKL3JFMlFSSzhsMFhOVzBsMUdxUXVzNWVCVjZLaUpOS0FtL2tpQ3VpclhCaXltNHFYM051UHBzbjM4TkJ6bVdqYwpEMGFFYnI4R29hYUFrWSsrdlcwTitiSlpkNURWQWdNQkFBR2pXVEJYTUE0R0ExVWREd0VCL3dRRUF3SUNwREFQCkJnTlZIUk1CQWY4RUJUQURBUUgvTUIwR0ExVWREZ1FXQkJRVjdkUHJkWXpuRVNsZ01NSUFHRFRtRXJ2VlBEQVYKQmdOVkhSRUVEakFNZ2dwcmRXSmxjbTVsZEdWek1BMEdDU3FHU0liM0RRRUJDd1VBQTRJQkFRQ3VkTVVRVjlaWQpKRy9TZG9WbTRTSldaWFY5TzJwZHV1UU1WVlFDdk4xWHdha2d0MzVZckR5YjVGR3hwcHpUMmMxTEltU0ZSM0lECmkxazd1ZlRTUUdzWUZXeUZXMGlGYmEvS1hpVnZ3WlVkYWlvSjQxblFMSFVkK1g5STBLTkFpUGVYVm9NNmNuczQKbGdDVnllQXIzVzhSVHJiUTVtaVhpTHh6MzlwamZvRkxqNStQVVA4NWtFQjZXeExPc3JTQ0MvNTV1Q0pra3RwKwo5Z3FMc1NSRG9PNit4djJKdklRV1JacjJsNmtQNUZZaUpFUGlZQTR1ZStnVFlBcUdGWkN4VXlNcERQMkpKYlF6CjVQMXN0dDJ5emtKZ1NIcTNwWS9KRzBZL1pSL0duWVIvZXJmZ1NJa1JnS2diNFprNzZhdE1RMmxkby9OMVducGoKT2VXeXk4eHVIVEdYCi0tLS0tRU5EIENFUlRJRklDQVRFLS0tLS0K",
                "cluster_endpoint": "https://6C41E06AA17520F1137EE9F8A988FA5D.yl4.ap-northeast-2.eks.amazonaws.com",
                "cluster_name": "myeks",
                "cluster_oidc_issuer_url": "https://oidc.eks.ap-northeast-2.amazonaws.com/id/6C41E06AA17520F1137EE9F8A988FA5D",
                "cluster_version": "1.31",
                "eks_nodegroup_role_arn": "arn:aws:iam::026668750147:role/myeks-eks-nodegroup-role",
                "nat_public_ips": [
                  "3.38.26.7"
                ],
                "private_subnets": [
                  "subnet-06c70413828f959d0",
                  "subnet-0a3776816e734aaef"
                ],
                "public_subnets": [
                  "subnet-0495930042feba21d",
                  "subnet-04fa2c4da3ce80b75"
                ],
                "vpc_cidr_block": "10.0.0.0/16",
                "vpc_id": "vpc-0235d71f4836c100a"
              },
              "type": [
                "object",
                {
                  "aws_iam_openid_connect_provider_arn": "string",
                  "aws_iam_openid_connect_provider_extract_from_arn": "string",
                  "azs": [
                    "list",
                    "string"
                  ],
                  "cluster_arn": "string",
                  "cluster_certificate_authority_data": "string",
                  "cluster_endpoint": "string",
                  "cluster_name": "string",
                  "cluster_oidc_issuer_url": "string",
                  "cluster_version": "string",
                  "eks_nodegroup_role_arn": "string",
                  "nat_public_ips": [
                    "list",
                    "string"
                  ],
                  "private_subnets": [
                    "tuple",
                    [
                      "string",
                      "string"
                    ]
                  ],
                  "public_subnets": [
                    "tuple",
                    [
                      "string",
                      "string"
                    ]
                  ],
                  "vpc_cidr_block": "string",
                  "vpc_id": "string"
                }
              ]
            },
            "workspace": null
          },
          "sensitive_attributes": []
        }
      ]
    },
    {
      "mode": "managed",
      "type": "aws_db_instance",
      "name": "my_rds",
      "provider": "provider[\"registry.terraform.io/hashicorp/aws\"]",
      "instances": [
        {
          "schema_version": 2,
          "attributes": {
            "address": "terraform-20250503133107887700000001.cd0omkg0wwuj.ap-northeast-2.rds.amazonaws.com",
            "allocated_storage": 20,
            "allow_major_version_upgrade": null,
            "apply_immediately": false,
            "arn": "arn:aws:rds:ap-northeast-2:026668750147:db:terraform-20250503133107887700000001",
            "auto_minor_version_upgrade": true,
            "availability_zone": "ap-northeast-2b",
            "backup_retention_period": 0,
            "backup_target": "region",
            "backup_window": "17:10-17:40",
            "blue_green_update": [],
            "ca_cert_identifier": "rds-ca-rsa2048-g1",
            "character_set_name": "",
            "copy_tags_to_snapshot": false,
            "custom_iam_instance_profile": "",
            "customer_owned_ip_enabled": false,
            "database_insights_mode": "standard",
            "db_name": "wordpress",
            "db_subnet_group_name": "three-tier-db-subnet-group",
            "dedicated_log_volume": false,
            "delete_automated_backups": true,
            "deletion_protection": false,
            "domain": "",
            "domain_auth_secret_arn": "",
            "domain_dns_ips": null,
            "domain_fqdn": "",
            "domain_iam_role_name": "",
            "domain_ou": "",
            "enabled_cloudwatch_logs_exports": null,
            "endpoint": "terraform-20250503133107887700000001.cd0omkg0wwuj.ap-northeast-2.rds.amazonaws.com:3306",
            "engine": "mysql",
            "engine_lifecycle_support": "open-source-rds-extended-support",
            "engine_version": "8.0.40",
            "engine_version_actual": "8.0.40",
            "final_snapshot_identifier": null,
            "hosted_zone_id": "ZLA2NUCOLGUUR",
            "iam_database_authentication_enabled": false,
            "id": "db-B5Q6YLF757NJYHRWNYLH64R5VQ",
            "identifier": "terraform-20250503133107887700000001",
            "identifier_prefix": "terraform-",
            "instance_class": "db.t4g.micro",
            "iops": 0,
            "kms_key_id": "",
            "latest_restorable_time": "",
            "license_model": "general-public-license",
            "listener_endpoint": [],
            "maintenance_window": "wed:20:27-wed:20:57",
            "manage_master_user_password": null,
            "master_user_secret": [],
            "master_user_secret_kms_key_id": null,
            "max_allocated_storage": 0,
            "monitoring_interval": 0,
            "monitoring_role_arn": "",
            "multi_az": false,
            "nchar_character_set_name": "",
            "network_type": "IPV4",
            "option_group_name": "default:mysql-8-0",
            "parameter_group_name": "default.mysql8.0",
            "password": "wwoo3312",
            "password_wo": null,
            "password_wo_version": null,
            "performance_insights_enabled": false,
            "performance_insights_kms_key_id": "",
            "performance_insights_retention_period": 0,
            "port": 3306,
            "publicly_accessible": false,
            "replica_mode": "",
            "replicas": [],
            "replicate_source_db": "",
            "resource_id": "db-B5Q6YLF757NJYHRWNYLH64R5VQ",
            "restore_to_point_in_time": [],
            "s3_import": [],
            "skip_final_snapshot": true,
            "snapshot_identifier": null,
            "status": "available",
            "storage_encrypted": false,
            "storage_throughput": 0,
            "storage_type": "gp2",
            "tags": null,
            "tags_all": {},
            "timeouts": null,
            "timezone": "",
            "upgrade_storage_config": null,
            "username": "admin",
            "vpc_security_group_ids": [
              "sg-051ca7db9a1222547"
            ]
          },
          "sensitive_attributes": [
            [
              {
                "type": "get_attr",
                "value": "password"
              }
            ],
            [
              {
                "type": "get_attr",
                "value": "password_wo"
              }
            ]
          ],
          "private": "eyJlMmJmYjczMC1lY2FhLTExZTYtOGY4OC0zNDM2M2JjN2M0YzAiOnsiY3JlYXRlIjozMDAwMDAwMDAwMDAwLCJkZWxldGUiOjM2MDAwMDAwMDAwMDAsInVwZGF0ZSI6NDgwMDAwMDAwMDAwMH0sInNjaGVtYV92ZXJzaW9uIjoiMiJ9",
          "dependencies": [
            "aws_db_subnet_group.db-subnet-group",
            "aws_security_group.rds-sg",
            "data.terraform_remote_state.eks"
          ]
        }
      ]
    },
    {
      "mode": "managed",
      "type": "aws_db_subnet_group",
      "name": "db-subnet-group",
      "provider": "provider[\"registry.terraform.io/hashicorp/aws\"]",
      "instances": [
        {
          "schema_version": 0,
          "attributes": {
            "arn": "arn:aws:rds:ap-northeast-2:026668750147:subgrp:three-tier-db-subnet-group",
            "description": "Managed by Terraform",
            "id": "three-tier-db-subnet-group",
            "name": "three-tier-db-subnet-group",
            "name_prefix": "",
            "subnet_ids": [
              "subnet-06c70413828f959d0",
              "subnet-0a3776816e734aaef"
            ],
            "supported_network_types": [
              "IPV4"
            ],
            "tags": null,
            "tags_all": {},
            "vpc_id": "vpc-0235d71f4836c100a"
          },
          "sensitive_attributes": [],
          "private": "bnVsbA==",
          "dependencies": [
            "data.terraform_remote_state.eks"
          ]
        }
      ]
    },
    {
      "mode": "managed",
      "type": "aws_security_group",
      "name": "rds-sg",
      "provider": "provider[\"registry.terraform.io/hashicorp/aws\"]",
      "instances": [
        {
          "schema_version": 1,
          "attributes": {
            "arn": "arn:aws:ec2:ap-northeast-2:026668750147:security-group/sg-051ca7db9a1222547",
            "description": "Managed by Terraform",
            "egress": [],
            "id": "sg-051ca7db9a1222547",
            "ingress": [],
            "name": "project_rds-sg",
            "name_prefix": "",
            "owner_id": "026668750147",
            "revoke_rules_on_delete": false,
            "tags": {
              "Name": "project_rds-sg"
            },
            "tags_all": {
              "Name": "project_rds-sg"
            },
            "timeouts": null,
            "vpc_id": "vpc-0235d71f4836c100a"
          },
          "sensitive_attributes": [],
          "private": "eyJlMmJmYjczMC1lY2FhLTExZTYtOGY4OC0zNDM2M2JjN2M0YzAiOnsiY3JlYXRlIjo2MDAwMDAwMDAwMDAsImRlbGV0ZSI6OTAwMDAwMDAwMDAwfSwic2NoZW1hX3ZlcnNpb24iOiIxIn0=",
          "dependencies": [
            "data.terraform_remote_state.eks"
          ]
        }
      ]
    },
    {
      "mode": "managed",
      "type": "aws_vpc_security_group_egress_rule",
      "name": "allow_all_traffic_rds",
      "provider": "provider[\"registry.terraform.io/hashicorp/aws\"]",
      "instances": [
        {
          "schema_version": 0,
          "attributes": {
            "arn": "arn:aws:ec2:ap-northeast-2:026668750147:security-group-rule/sgr-08510ebbf426818e6",
            "cidr_ipv4": "0.0.0.0/0",
            "cidr_ipv6": null,
            "description": null,
            "from_port": null,
            "id": "sgr-08510ebbf426818e6",
            "ip_protocol": "-1",
            "prefix_list_id": null,
            "referenced_security_group_id": null,
            "security_group_id": "sg-051ca7db9a1222547",
            "security_group_rule_id": "sgr-08510ebbf426818e6",
            "tags": null,
            "tags_all": {},
            "to_port": null
          },
          "sensitive_attributes": [],
          "dependencies": [
            "aws_security_group.rds-sg",
            "data.terraform_remote_state.eks"
          ]
        }
      ]
    },
    {
      "mode": "managed",
      "type": "aws_vpc_security_group_ingress_rule",
      "name": "allow_all_traffic_rds_1",
      "provider": "provider[\"registry.terraform.io/hashicorp/aws\"]",
      "instances": [
        {
          "schema_version": 0,
          "attributes": {
            "arn": "arn:aws:ec2:ap-northeast-2:026668750147:security-group-rule/sgr-0f0c4688b2e401d36",
            "cidr_ipv4": "0.0.0.0/0",
            "cidr_ipv6": null,
            "description": null,
            "from_port": 3306,
            "id": "sgr-0f0c4688b2e401d36",
            "ip_protocol": "TCP",
            "prefix_list_id": null,
            "referenced_security_group_id": null,
            "security_group_id": "sg-051ca7db9a1222547",
            "security_group_rule_id": "sgr-0f0c4688b2e401d36",
            "tags": null,
            "tags_all": {},
            "to_port": 3306
          },
          "sensitive_attributes": [],
          "dependencies": [
            "aws_security_group.rds-sg",
            "data.terraform_remote_state.eks"
          ]
        }
      ]
    }
  ],
  "check_results": null
}
